// !$*UTF8*$!
{
	archiveVersion = 1;
	classes = {
	};
	objectVersion = 46;
	objects = {

/* Begin PBXBuildFile section */
		5A0571C91E07162E00B1881F /* ClubLocationVC.swift in Sources */ = {isa = PBXBuildFile; fileRef = 5A0571C81E07162E00B1881F /* ClubLocationVC.swift */; };
		5A071C4C1DF5C76800A3D7C1 /* AppDelegate.swift in Sources */ = {isa = PBXBuildFile; fileRef = 5A071C4B1DF5C76800A3D7C1 /* AppDelegate.swift */; };
		5A071C4E1DF5C76800A3D7C1 /* ViewController.swift in Sources */ = {isa = PBXBuildFile; fileRef = 5A071C4D1DF5C76800A3D7C1 /* ViewController.swift */; };
		5A071C511DF5C76800A3D7C1 /* Main.storyboard in Resources */ = {isa = PBXBuildFile; fileRef = 5A071C4F1DF5C76800A3D7C1 /* Main.storyboard */; };
		5A071C531DF5C76800A3D7C1 /* Assets.xcassets in Resources */ = {isa = PBXBuildFile; fileRef = 5A071C521DF5C76800A3D7C1 /* Assets.xcassets */; };
		5A071C561DF5C76800A3D7C1 /* LaunchScreen.storyboard in Resources */ = {isa = PBXBuildFile; fileRef = 5A071C541DF5C76800A3D7C1 /* LaunchScreen.storyboard */; };
		5A071C5E1DF5C80B00A3D7C1 /* GoogleService-Info.plist in Resources */ = {isa = PBXBuildFile; fileRef = 5A071C5D1DF5C80B00A3D7C1 /* GoogleService-Info.plist */; };
		5A071C661DF5CB6B00A3D7C1 /* LeaguesVC.swift in Sources */ = {isa = PBXBuildFile; fileRef = 5A071C651DF5CB6B00A3D7C1 /* LeaguesVC.swift */; };
		5A071C6A1DF5CC1800A3D7C1 /* ClubsVC.swift in Sources */ = {isa = PBXBuildFile; fileRef = 5A071C691DF5CC1800A3D7C1 /* ClubsVC.swift */; };
		5A071C6C1DF5CC4800A3D7C1 /* ClubDetailsVC.swift in Sources */ = {isa = PBXBuildFile; fileRef = 5A071C6B1DF5CC4800A3D7C1 /* ClubDetailsVC.swift */; };
		5A071C6E1DF5CC8000A3D7C1 /* Leagues.swift in Sources */ = {isa = PBXBuildFile; fileRef = 5A071C6D1DF5CC8000A3D7C1 /* Leagues.swift */; };
		5A071C701DF5CCB000A3D7C1 /* Clubs.swift in Sources */ = {isa = PBXBuildFile; fileRef = 5A071C6F1DF5CCB000A3D7C1 /* Clubs.swift */; };
		5A071C741DF5CD3000A3D7C1 /* LeagueCell.swift in Sources */ = {isa = PBXBuildFile; fileRef = 5A071C731DF5CD3000A3D7C1 /* LeagueCell.swift */; };
		5A071C761DF5CD7900A3D7C1 /* ClubCell.swift in Sources */ = {isa = PBXBuildFile; fileRef = 5A071C751DF5CD7900A3D7C1 /* ClubCell.swift */; };
		5A071C7A1DF5CDE600A3D7C1 /* MatiralView.swift in Sources */ = {isa = PBXBuildFile; fileRef = 5A071C791DF5CDE600A3D7C1 /* MatiralView.swift */; };
		5A071C7C1DF5CE3400A3D7C1 /* DataServices.swift in Sources */ = {isa = PBXBuildFile; fileRef = 5A071C7B1DF5CE3400A3D7C1 /* DataServices.swift */; };
		5A071C7E1DF5CE6100A3D7C1 /* Constants.swift in Sources */ = {isa = PBXBuildFile; fileRef = 5A071C7D1DF5CE6100A3D7C1 /* Constants.swift */; };
		5A071C831DF5CED700A3D7C1 /* NotoSans-Bold.ttf in Resources */ = {isa = PBXBuildFile; fileRef = 5A071C7F1DF5CED700A3D7C1 /* NotoSans-Bold.ttf */; };
		5A071C841DF5CED700A3D7C1 /* NotoSans-BoldItalic.ttf in Resources */ = {isa = PBXBuildFile; fileRef = 5A071C801DF5CED700A3D7C1 /* NotoSans-BoldItalic.ttf */; };
		5A071C851DF5CED700A3D7C1 /* NotoSans-Italic.ttf in Resources */ = {isa = PBXBuildFile; fileRef = 5A071C811DF5CED700A3D7C1 /* NotoSans-Italic.ttf */; };
		5A071C861DF5CED700A3D7C1 /* NotoSans-Regular.ttf in Resources */ = {isa = PBXBuildFile; fileRef = 5A071C821DF5CED700A3D7C1 /* NotoSans-Regular.ttf */; };
		5A0D55A41E08354A00555C14 /* GeoFire.m in Sources */ = {isa = PBXBuildFile; fileRef = 5A0D559B1E08354A00555C14 /* GeoFire.m */; };
		5A0D55A51E08354A00555C14 /* GFBase32Utils.m in Sources */ = {isa = PBXBuildFile; fileRef = 5A0D559D1E08354A00555C14 /* GFBase32Utils.m */; };
		5A0D55A61E08354A00555C14 /* GFGeoHash.m in Sources */ = {isa = PBXBuildFile; fileRef = 5A0D559F1E08354A00555C14 /* GFGeoHash.m */; };
		5A0D55A71E08354A00555C14 /* GFGeoHashQuery.m in Sources */ = {isa = PBXBuildFile; fileRef = 5A0D55A11E08354A00555C14 /* GFGeoHashQuery.m */; };
		5A0D55A81E08354A00555C14 /* GFQuery.m in Sources */ = {isa = PBXBuildFile; fileRef = 5A0D55A31E08354A00555C14 /* GFQuery.m */; };
		5A0D55AD1E0861D900555C14 /* ClubLocation.swift in Sources */ = {isa = PBXBuildFile; fileRef = 5A0D55AC1E0861D900555C14 /* ClubLocation.swift */; };
		5A6DC1721E16A91E00CD87EC /* SWRevealViewController.m in Sources */ = {isa = PBXBuildFile; fileRef = 5A6DC1701E16A91E00CD87EC /* SWRevealViewController.m */; };
		5A6DC1741E16BF2200CD87EC /* burgerVC.swift in Sources */ = {isa = PBXBuildFile; fileRef = 5A6DC1731E16BF2200CD87EC /* burgerVC.swift */; };
		5A6DC1761E16BF2F00CD87EC /* BurgerCell.swift in Sources */ = {isa = PBXBuildFile; fileRef = 5A6DC1751E16BF2F00CD87EC /* BurgerCell.swift */; };
		5AE5F9601E02E6BE00554191 /* RoundedCorners.swift in Sources */ = {isa = PBXBuildFile; fileRef = 5AE5F95F1E02E6BE00554191 /* RoundedCorners.swift */; };
		CEC1223A3CB76BD653E26A56 /* Pods_non_league_grounds.framework in Frameworks */ = {isa = PBXBuildFile; fileRef = 3243D09194B9252C9CA4DAC8 /* Pods_non_league_grounds.framework */; };
/* End PBXBuildFile section */

/* Begin PBXFileReference section */
		3243D09194B9252C9CA4DAC8 /* Pods_non_league_grounds.framework */ = {isa = PBXFileReference; explicitFileType = wrapper.framework; includeInIndex = 0; path = Pods_non_league_grounds.framework; sourceTree = BUILT_PRODUCTS_DIR; };
		5A0571C81E07162E00B1881F /* ClubLocationVC.swift */ = {isa = PBXFileReference; fileEncoding = 4; lastKnownFileType = sourcecode.swift; path = ClubLocationVC.swift; sourceTree = "<group>"; };
		5A071C481DF5C76800A3D7C1 /* non-league-grounds.app */ = {isa = PBXFileReference; explicitFileType = wrapper.application; includeInIndex = 0; path = "non-league-grounds.app"; sourceTree = BUILT_PRODUCTS_DIR; };
		5A071C4B1DF5C76800A3D7C1 /* AppDelegate.swift */ = {isa = PBXFileReference; lastKnownFileType = sourcecode.swift; path = AppDelegate.swift; sourceTree = "<group>"; };
		5A071C4D1DF5C76800A3D7C1 /* ViewController.swift */ = {isa = PBXFileReference; lastKnownFileType = sourcecode.swift; path = ViewController.swift; sourceTree = "<group>"; };
		5A071C501DF5C76800A3D7C1 /* Base */ = {isa = PBXFileReference; lastKnownFileType = file.storyboard; name = Base; path = Base.lproj/Main.storyboard; sourceTree = "<group>"; };
		5A071C521DF5C76800A3D7C1 /* Assets.xcassets */ = {isa = PBXFileReference; lastKnownFileType = folder.assetcatalog; path = Assets.xcassets; sourceTree = "<group>"; };
		5A071C551DF5C76800A3D7C1 /* Base */ = {isa = PBXFileReference; lastKnownFileType = file.storyboard; name = Base; path = Base.lproj/LaunchScreen.storyboard; sourceTree = "<group>"; };
		5A071C571DF5C76800A3D7C1 /* Info.plist */ = {isa = PBXFileReference; lastKnownFileType = text.plist.xml; path = Info.plist; sourceTree = "<group>"; };
		5A071C5D1DF5C80B00A3D7C1 /* GoogleService-Info.plist */ = {isa = PBXFileReference; fileEncoding = 4; lastKnownFileType = text.plist.xml; path = "GoogleService-Info.plist"; sourceTree = "<group>"; };
		5A071C651DF5CB6B00A3D7C1 /* LeaguesVC.swift */ = {isa = PBXFileReference; fileEncoding = 4; lastKnownFileType = sourcecode.swift; path = LeaguesVC.swift; sourceTree = "<group>"; };
		5A071C691DF5CC1800A3D7C1 /* ClubsVC.swift */ = {isa = PBXFileReference; fileEncoding = 4; lastKnownFileType = sourcecode.swift; path = ClubsVC.swift; sourceTree = "<group>"; };
		5A071C6B1DF5CC4800A3D7C1 /* ClubDetailsVC.swift */ = {isa = PBXFileReference; fileEncoding = 4; lastKnownFileType = sourcecode.swift; path = ClubDetailsVC.swift; sourceTree = "<group>"; };
		5A071C6D1DF5CC8000A3D7C1 /* Leagues.swift */ = {isa = PBXFileReference; fileEncoding = 4; lastKnownFileType = sourcecode.swift; path = Leagues.swift; sourceTree = "<group>"; };
		5A071C6F1DF5CCB000A3D7C1 /* Clubs.swift */ = {isa = PBXFileReference; fileEncoding = 4; lastKnownFileType = sourcecode.swift; path = Clubs.swift; sourceTree = "<group>"; };
		5A071C731DF5CD3000A3D7C1 /* LeagueCell.swift */ = {isa = PBXFileReference; fileEncoding = 4; lastKnownFileType = sourcecode.swift; path = LeagueCell.swift; sourceTree = "<group>"; };
		5A071C751DF5CD7900A3D7C1 /* ClubCell.swift */ = {isa = PBXFileReference; fileEncoding = 4; lastKnownFileType = sourcecode.swift; path = ClubCell.swift; sourceTree = "<group>"; };
		5A071C791DF5CDE600A3D7C1 /* MatiralView.swift */ = {isa = PBXFileReference; fileEncoding = 4; lastKnownFileType = sourcecode.swift; path = MatiralView.swift; sourceTree = "<group>"; };
		5A071C7B1DF5CE3400A3D7C1 /* DataServices.swift */ = {isa = PBXFileReference; fileEncoding = 4; lastKnownFileType = sourcecode.swift; path = DataServices.swift; sourceTree = "<group>"; };
		5A071C7D1DF5CE6100A3D7C1 /* Constants.swift */ = {isa = PBXFileReference; fileEncoding = 4; lastKnownFileType = sourcecode.swift; path = Constants.swift; sourceTree = "<group>"; };
		5A071C7F1DF5CED700A3D7C1 /* NotoSans-Bold.ttf */ = {isa = PBXFileReference; lastKnownFileType = file; path = "NotoSans-Bold.ttf"; sourceTree = "<group>"; };
		5A071C801DF5CED700A3D7C1 /* NotoSans-BoldItalic.ttf */ = {isa = PBXFileReference; lastKnownFileType = file; path = "NotoSans-BoldItalic.ttf"; sourceTree = "<group>"; };
		5A071C811DF5CED700A3D7C1 /* NotoSans-Italic.ttf */ = {isa = PBXFileReference; lastKnownFileType = file; path = "NotoSans-Italic.ttf"; sourceTree = "<group>"; };
		5A071C821DF5CED700A3D7C1 /* NotoSans-Regular.ttf */ = {isa = PBXFileReference; lastKnownFileType = file; path = "NotoSans-Regular.ttf"; sourceTree = "<group>"; };
		5A0D55941E08354A00555C14 /* GeoFire.h */ = {isa = PBXFileReference; fileEncoding = 4; lastKnownFileType = sourcecode.c.h; path = GeoFire.h; sourceTree = "<group>"; };
		5A0D55951E08354A00555C14 /* GFCircleQuery.h */ = {isa = PBXFileReference; fileEncoding = 4; lastKnownFileType = sourcecode.c.h; path = GFCircleQuery.h; sourceTree = "<group>"; };
		5A0D55961E08354A00555C14 /* GFQuery.h */ = {isa = PBXFileReference; fileEncoding = 4; lastKnownFileType = sourcecode.c.h; path = GFQuery.h; sourceTree = "<group>"; };
		5A0D55971E08354A00555C14 /* GFRegionQuery.h */ = {isa = PBXFileReference; fileEncoding = 4; lastKnownFileType = sourcecode.c.h; path = GFRegionQuery.h; sourceTree = "<group>"; };
		5A0D55981E08354A00555C14 /* GeoFire-Prefix.pch */ = {isa = PBXFileReference; fileEncoding = 4; lastKnownFileType = sourcecode.c.h; path = "GeoFire-Prefix.pch"; sourceTree = "<group>"; };
		5A0D559A1E08354A00555C14 /* GeoFire+Private.h */ = {isa = PBXFileReference; fileEncoding = 4; lastKnownFileType = sourcecode.c.h; path = "GeoFire+Private.h"; sourceTree = "<group>"; };
		5A0D559B1E08354A00555C14 /* GeoFire.m */ = {isa = PBXFileReference; fileEncoding = 4; lastKnownFileType = sourcecode.c.objc; path = GeoFire.m; sourceTree = "<group>"; };
		5A0D559C1E08354A00555C14 /* GFBase32Utils.h */ = {isa = PBXFileReference; fileEncoding = 4; lastKnownFileType = sourcecode.c.h; path = GFBase32Utils.h; sourceTree = "<group>"; };
		5A0D559D1E08354A00555C14 /* GFBase32Utils.m */ = {isa = PBXFileReference; fileEncoding = 4; lastKnownFileType = sourcecode.c.objc; path = GFBase32Utils.m; sourceTree = "<group>"; };
		5A0D559E1E08354A00555C14 /* GFGeoHash.h */ = {isa = PBXFileReference; fileEncoding = 4; lastKnownFileType = sourcecode.c.h; path = GFGeoHash.h; sourceTree = "<group>"; };
		5A0D559F1E08354A00555C14 /* GFGeoHash.m */ = {isa = PBXFileReference; fileEncoding = 4; lastKnownFileType = sourcecode.c.objc; path = GFGeoHash.m; sourceTree = "<group>"; };
		5A0D55A01E08354A00555C14 /* GFGeoHashQuery.h */ = {isa = PBXFileReference; fileEncoding = 4; lastKnownFileType = sourcecode.c.h; path = GFGeoHashQuery.h; sourceTree = "<group>"; };
		5A0D55A11E08354A00555C14 /* GFGeoHashQuery.m */ = {isa = PBXFileReference; fileEncoding = 4; lastKnownFileType = sourcecode.c.objc; path = GFGeoHashQuery.m; sourceTree = "<group>"; };
		5A0D55A21E08354A00555C14 /* GFQuery+Private.h */ = {isa = PBXFileReference; fileEncoding = 4; lastKnownFileType = sourcecode.c.h; path = "GFQuery+Private.h"; sourceTree = "<group>"; };
		5A0D55A31E08354A00555C14 /* GFQuery.m */ = {isa = PBXFileReference; fileEncoding = 4; lastKnownFileType = sourcecode.c.objc; path = GFQuery.m; sourceTree = "<group>"; };
		5A0D55A91E0836DA00555C14 /* non-league-grounds-Bridging-Header.h */ = {isa = PBXFileReference; fileEncoding = 4; lastKnownFileType = sourcecode.c.h; path = "non-league-grounds-Bridging-Header.h"; sourceTree = "<group>"; };
		5A0D55AC1E0861D900555C14 /* ClubLocation.swift */ = {isa = PBXFileReference; fileEncoding = 4; lastKnownFileType = sourcecode.swift; path = ClubLocation.swift; sourceTree = "<group>"; };
		5A3F04C21DF5E4D100325ACF /* non-league-grounds.entitlements */ = {isa = PBXFileReference; lastKnownFileType = text.plist.entitlements; path = "non-league-grounds.entitlements"; sourceTree = "<group>"; };
		5A6DC1701E16A91E00CD87EC /* SWRevealViewController.m */ = {isa = PBXFileReference; fileEncoding = 4; lastKnownFileType = sourcecode.c.objc; path = SWRevealViewController.m; sourceTree = "<group>"; };
		5A6DC1711E16A91E00CD87EC /* SWRevealViewController.h */ = {isa = PBXFileReference; fileEncoding = 4; lastKnownFileType = sourcecode.c.h; path = SWRevealViewController.h; sourceTree = "<group>"; };
		5A6DC1731E16BF2200CD87EC /* burgerVC.swift */ = {isa = PBXFileReference; fileEncoding = 4; lastKnownFileType = sourcecode.swift; path = burgerVC.swift; sourceTree = "<group>"; };
		5A6DC1751E16BF2F00CD87EC /* BurgerCell.swift */ = {isa = PBXFileReference; fileEncoding = 4; lastKnownFileType = sourcecode.swift; path = BurgerCell.swift; sourceTree = "<group>"; };
		5AE5F95F1E02E6BE00554191 /* RoundedCorners.swift */ = {isa = PBXFileReference; fileEncoding = 4; lastKnownFileType = sourcecode.swift; path = RoundedCorners.swift; sourceTree = "<group>"; };
		A1513EC6DE318E36BD8B98DD /* Pods-non-league-grounds.debug.xcconfig */ = {isa = PBXFileReference; includeInIndex = 1; lastKnownFileType = text.xcconfig; name = "Pods-non-league-grounds.debug.xcconfig"; path = "Pods/Target Support Files/Pods-non-league-grounds/Pods-non-league-grounds.debug.xcconfig"; sourceTree = "<group>"; };
		DC9254C41C06E6DDDDCEB9A9 /* Pods-non-league-grounds.release.xcconfig */ = {isa = PBXFileReference; includeInIndex = 1; lastKnownFileType = text.xcconfig; name = "Pods-non-league-grounds.release.xcconfig"; path = "Pods/Target Support Files/Pods-non-league-grounds/Pods-non-league-grounds.release.xcconfig"; sourceTree = "<group>"; };
/* End PBXFileReference section */

/* Begin PBXFrameworksBuildPhase section */
		5A071C451DF5C76800A3D7C1 /* Frameworks */ = {
			isa = PBXFrameworksBuildPhase;
			buildActionMask = 2147483647;
			files = (
				CEC1223A3CB76BD653E26A56 /* Pods_non_league_grounds.framework in Frameworks */,
			);
			runOnlyForDeploymentPostprocessing = 0;
		};
/* End PBXFrameworksBuildPhase section */

/* Begin PBXGroup section */
		0A8A45DFF4ACCB8E37A19DC3 /* Frameworks */ = {
			isa = PBXGroup;
			children = (
				3243D09194B9252C9CA4DAC8 /* Pods_non_league_grounds.framework */,
			);
			name = Frameworks;
			sourceTree = "<group>";
		};
		304E13542740A6417DDC99A7 /* Pods */ = {
			isa = PBXGroup;
			children = (
				A1513EC6DE318E36BD8B98DD /* Pods-non-league-grounds.debug.xcconfig */,
				DC9254C41C06E6DDDDCEB9A9 /* Pods-non-league-grounds.release.xcconfig */,
			);
			name = Pods;
			sourceTree = "<group>";
		};
		5A071C3F1DF5C76800A3D7C1 = {
			isa = PBXGroup;
			children = (
				5A071C4A1DF5C76800A3D7C1 /* non-league-grounds */,
				5A071C491DF5C76800A3D7C1 /* Products */,
				304E13542740A6417DDC99A7 /* Pods */,
				0A8A45DFF4ACCB8E37A19DC3 /* Frameworks */,
			);
			sourceTree = "<group>";
		};
		5A071C491DF5C76800A3D7C1 /* Products */ = {
			isa = PBXGroup;
			children = (
				5A071C481DF5C76800A3D7C1 /* non-league-grounds.app */,
			);
			name = Products;
			sourceTree = "<group>";
		};
		5A071C4A1DF5C76800A3D7C1 /* non-league-grounds */ = {
			isa = PBXGroup;
			children = (
				5A0D55921E08354A00555C14 /* GeoFire */,
				5A071C641DF5CB0600A3D7C1 /* Model */,
				5A071C631DF5CAF700A3D7C1 /* View */,
				5A071C621DF5CAE600A3D7C1 /* Controller */,
				5A071C611DF5CADD00A3D7C1 /* Resources */,
				5A071C601DF5CACA00A3D7C1 /* Utils */,
				5A071C5F1DF5CABD00A3D7C1 /* Services */,
				5A3F04C21DF5E4D100325ACF /* non-league-grounds.entitlements */,
				5A071C4B1DF5C76800A3D7C1 /* AppDelegate.swift */,
				5A071C4F1DF5C76800A3D7C1 /* Main.storyboard */,
				5A071C521DF5C76800A3D7C1 /* Assets.xcassets */,
				5A071C541DF5C76800A3D7C1 /* LaunchScreen.storyboard */,
				5A071C5D1DF5C80B00A3D7C1 /* GoogleService-Info.plist */,
				5A071C571DF5C76800A3D7C1 /* Info.plist */,
				5A0D55A91E0836DA00555C14 /* non-league-grounds-Bridging-Header.h */,
			);
			path = "non-league-grounds";
			sourceTree = "<group>";
		};
		5A071C5F1DF5CABD00A3D7C1 /* Services */ = {
			isa = PBXGroup;
			children = (
				5A071C7B1DF5CE3400A3D7C1 /* DataServices.swift */,
			);
			name = Services;
			sourceTree = "<group>";
		};
		5A071C601DF5CACA00A3D7C1 /* Utils */ = {
			isa = PBXGroup;
			children = (
				5A071C7D1DF5CE6100A3D7C1 /* Constants.swift */,
			);
			name = Utils;
			sourceTree = "<group>";
		};
		5A071C611DF5CADD00A3D7C1 /* Resources */ = {
			isa = PBXGroup;
			children = (
				5A071C7F1DF5CED700A3D7C1 /* NotoSans-Bold.ttf */,
				5A071C801DF5CED700A3D7C1 /* NotoSans-BoldItalic.ttf */,
				5A071C811DF5CED700A3D7C1 /* NotoSans-Italic.ttf */,
				5A071C821DF5CED700A3D7C1 /* NotoSans-Regular.ttf */,
			);
			name = Resources;
			sourceTree = "<group>";
		};
		5A071C621DF5CAE600A3D7C1 /* Controller */ = {
			isa = PBXGroup;
			children = (
				5A6DC1701E16A91E00CD87EC /* SWRevealViewController.m */,
				5A6DC1711E16A91E00CD87EC /* SWRevealViewController.h */,
				5A071C4D1DF5C76800A3D7C1 /* ViewController.swift */,
				5A6DC1731E16BF2200CD87EC /* burgerVC.swift */,
				5A071C651DF5CB6B00A3D7C1 /* LeaguesVC.swift */,
				5A071C691DF5CC1800A3D7C1 /* ClubsVC.swift */,
				5A071C6B1DF5CC4800A3D7C1 /* ClubDetailsVC.swift */,
				5A0571C81E07162E00B1881F /* ClubLocationVC.swift */,
			);
			name = Controller;
			sourceTree = "<group>";
		};
		5A071C631DF5CAF700A3D7C1 /* View */ = {
			isa = PBXGroup;
			children = (
				5A071C731DF5CD3000A3D7C1 /* LeagueCell.swift */,
				5A6DC1751E16BF2F00CD87EC /* BurgerCell.swift */,
				5A071C751DF5CD7900A3D7C1 /* ClubCell.swift */,
				5A071C791DF5CDE600A3D7C1 /* MatiralView.swift */,
				5AE5F95F1E02E6BE00554191 /* RoundedCorners.swift */,
			);
			name = View;
			sourceTree = "<group>";
		};
		5A071C641DF5CB0600A3D7C1 /* Model */ = {
			isa = PBXGroup;
			children = (
				5A071C6D1DF5CC8000A3D7C1 /* Leagues.swift */,
				5A071C6F1DF5CCB000A3D7C1 /* Clubs.swift */,
				5A0D55AC1E0861D900555C14 /* ClubLocation.swift */,
			);
			name = Model;
			sourceTree = "<group>";
		};
		5A0D55921E08354A00555C14 /* GeoFire */ = {
			isa = PBXGroup;
			children = (
				5A0D55931E08354A00555C14 /* API */,
				5A0D55981E08354A00555C14 /* GeoFire-Prefix.pch */,
				5A0D55991E08354A00555C14 /* Implementation */,
			);
			path = GeoFire;
			sourceTree = "<group>";
		};
		5A0D55931E08354A00555C14 /* API */ = {
			isa = PBXGroup;
			children = (
				5A0D55941E08354A00555C14 /* GeoFire.h */,
				5A0D55951E08354A00555C14 /* GFCircleQuery.h */,
				5A0D55961E08354A00555C14 /* GFQuery.h */,
				5A0D55971E08354A00555C14 /* GFRegionQuery.h */,
			);
			path = API;
			sourceTree = "<group>";
		};
		5A0D55991E08354A00555C14 /* Implementation */ = {
			isa = PBXGroup;
			children = (
				5A0D559A1E08354A00555C14 /* GeoFire+Private.h */,
				5A0D559B1E08354A00555C14 /* GeoFire.m */,
				5A0D559C1E08354A00555C14 /* GFBase32Utils.h */,
				5A0D559D1E08354A00555C14 /* GFBase32Utils.m */,
				5A0D559E1E08354A00555C14 /* GFGeoHash.h */,
				5A0D559F1E08354A00555C14 /* GFGeoHash.m */,
				5A0D55A01E08354A00555C14 /* GFGeoHashQuery.h */,
				5A0D55A11E08354A00555C14 /* GFGeoHashQuery.m */,
				5A0D55A21E08354A00555C14 /* GFQuery+Private.h */,
				5A0D55A31E08354A00555C14 /* GFQuery.m */,
			);
			path = Implementation;
			sourceTree = "<group>";
		};
/* End PBXGroup section */

/* Begin PBXNativeTarget section */
		5A071C471DF5C76800A3D7C1 /* non-league-grounds */ = {
			isa = PBXNativeTarget;
			buildConfigurationList = 5A071C5A1DF5C76800A3D7C1 /* Build configuration list for PBXNativeTarget "non-league-grounds" */;
			buildPhases = (
				215C2AE30B7A7F70B5800F7F /* [CP] Check Pods Manifest.lock */,
				5A071C441DF5C76800A3D7C1 /* Sources */,
				5A071C451DF5C76800A3D7C1 /* Frameworks */,
				5A071C461DF5C76800A3D7C1 /* Resources */,
				259EA3EEA8DD9C8946419D61 /* [CP] Embed Pods Frameworks */,
				4E897F48D31E48ABB00E3BF8 /* [CP] Copy Pods Resources */,
			);
			buildRules = (
			);
			dependencies = (
			);
			name = "non-league-grounds";
			productName = "non-league-grounds";
			productReference = 5A071C481DF5C76800A3D7C1 /* non-league-grounds.app */;
			productType = "com.apple.product-type.application";
		};
/* End PBXNativeTarget section */

/* Begin PBXProject section */
		5A071C401DF5C76800A3D7C1 /* Project object */ = {
			isa = PBXProject;
			attributes = {
				LastSwiftUpdateCheck = 0810;
				LastUpgradeCheck = 0820;
				ORGANIZATIONNAME = "Martyn Cheatle";
				TargetAttributes = {
					5A071C471DF5C76800A3D7C1 = {
						CreatedOnToolsVersion = 8.1;
						DevelopmentTeam = LPABA4W369;
						ProvisioningStyle = Automatic;
						SystemCapabilities = {
							com.apple.Keychain = {
								enabled = 1;
							};
						};
					};
				};
			};
			buildConfigurationList = 5A071C431DF5C76800A3D7C1 /* Build configuration list for PBXProject "non-league-grounds" */;
			compatibilityVersion = "Xcode 3.2";
			developmentRegion = English;
			hasScannedForEncodings = 0;
			knownRegions = (
				en,
				Base,
			);
			mainGroup = 5A071C3F1DF5C76800A3D7C1;
			productRefGroup = 5A071C491DF5C76800A3D7C1 /* Products */;
			projectDirPath = "";
			projectRoot = "";
			targets = (
				5A071C471DF5C76800A3D7C1 /* non-league-grounds */,
			);
		};
/* End PBXProject section */

/* Begin PBXResourcesBuildPhase section */
		5A071C461DF5C76800A3D7C1 /* Resources */ = {
			isa = PBXResourcesBuildPhase;
			buildActionMask = 2147483647;
			files = (
				5A071C841DF5CED700A3D7C1 /* NotoSans-BoldItalic.ttf in Resources */,
				5A071C561DF5C76800A3D7C1 /* LaunchScreen.storyboard in Resources */,
				5A071C5E1DF5C80B00A3D7C1 /* GoogleService-Info.plist in Resources */,
				5A071C531DF5C76800A3D7C1 /* Assets.xcassets in Resources */,
				5A071C861DF5CED700A3D7C1 /* NotoSans-Regular.ttf in Resources */,
				5A071C851DF5CED700A3D7C1 /* NotoSans-Italic.ttf in Resources */,
				5A071C831DF5CED700A3D7C1 /* NotoSans-Bold.ttf in Resources */,
				5A071C511DF5C76800A3D7C1 /* Main.storyboard in Resources */,
			);
			runOnlyForDeploymentPostprocessing = 0;
		};
/* End PBXResourcesBuildPhase section */

/* Begin PBXShellScriptBuildPhase section */
		215C2AE30B7A7F70B5800F7F /* [CP] Check Pods Manifest.lock */ = {
			isa = PBXShellScriptBuildPhase;
			buildActionMask = 2147483647;
			files = (
			);
			inputPaths = (
			);
			name = "[CP] Check Pods Manifest.lock";
			outputPaths = (
			);
			runOnlyForDeploymentPostprocessing = 0;
			shellPath = /bin/sh;
			shellScript = "diff \"${PODS_ROOT}/../Podfile.lock\" \"${PODS_ROOT}/Manifest.lock\" > /dev/null\nif [ $? != 0 ] ; then\n    # print error to STDERR\n    echo \"error: The sandbox is not in sync with the Podfile.lock. Run 'pod install' or update your CocoaPods installation.\" >&2\n    exit 1\nfi\n";
			showEnvVarsInLog = 0;
		};
		259EA3EEA8DD9C8946419D61 /* [CP] Embed Pods Frameworks */ = {
			isa = PBXShellScriptBuildPhase;
			buildActionMask = 2147483647;
			files = (
			);
			inputPaths = (
			);
			name = "[CP] Embed Pods Frameworks";
			outputPaths = (
			);
			runOnlyForDeploymentPostprocessing = 0;
			shellPath = /bin/sh;
			shellScript = "\"${SRCROOT}/Pods/Target Support Files/Pods-non-league-grounds/Pods-non-league-grounds-frameworks.sh\"\n";
			showEnvVarsInLog = 0;
		};
		4E897F48D31E48ABB00E3BF8 /* [CP] Copy Pods Resources */ = {
			isa = PBXShellScriptBuildPhase;
			buildActionMask = 2147483647;
			files = (
			);
			inputPaths = (
			);
			name = "[CP] Copy Pods Resources";
			outputPaths = (
			);
			runOnlyForDeploymentPostprocessing = 0;
			shellPath = /bin/sh;
			shellScript = "\"${SRCROOT}/Pods/Target Support Files/Pods-non-league-grounds/Pods-non-league-grounds-resources.sh\"\n";
			showEnvVarsInLog = 0;
		};
/* End PBXShellScriptBuildPhase section */

/* Begin PBXSourcesBuildPhase section */
		5A071C441DF5C76800A3D7C1 /* Sources */ = {
			isa = PBXSourcesBuildPhase;
			buildActionMask = 2147483647;
			files = (
				5A071C4E1DF5C76800A3D7C1 /* ViewController.swift in Sources */,
				5A0D55A61E08354A00555C14 /* GFGeoHash.m in Sources */,
				5A071C7C1DF5CE3400A3D7C1 /* DataServices.swift in Sources */,
				5A071C661DF5CB6B00A3D7C1 /* LeaguesVC.swift in Sources */,
				5A0D55A81E08354A00555C14 /* GFQuery.m in Sources */,
				5A071C6E1DF5CC8000A3D7C1 /* Leagues.swift in Sources */,
				5A0D55A71E08354A00555C14 /* GFGeoHashQuery.m in Sources */,
				5A071C7E1DF5CE6100A3D7C1 /* Constants.swift in Sources */,
				5A071C741DF5CD3000A3D7C1 /* LeagueCell.swift in Sources */,
				5A071C4C1DF5C76800A3D7C1 /* AppDelegate.swift in Sources */,
				5A071C6A1DF5CC1800A3D7C1 /* ClubsVC.swift in Sources */,
				5A6DC1761E16BF2F00CD87EC /* BurgerCell.swift in Sources */,
				5A0D55A51E08354A00555C14 /* GFBase32Utils.m in Sources */,
				5A071C6C1DF5CC4800A3D7C1 /* ClubDetailsVC.swift in Sources */,
				5A6DC1741E16BF2200CD87EC /* burgerVC.swift in Sources */,
				5AE5F9601E02E6BE00554191 /* RoundedCorners.swift in Sources */,
				5A6DC1721E16A91E00CD87EC /* SWRevealViewController.m in Sources */,
				5A071C761DF5CD7900A3D7C1 /* ClubCell.swift in Sources */,
				5A071C7A1DF5CDE600A3D7C1 /* MatiralView.swift in Sources */,
				5A0D55AD1E0861D900555C14 /* ClubLocation.swift in Sources */,
				5A071C701DF5CCB000A3D7C1 /* Clubs.swift in Sources */,
				5A0571C91E07162E00B1881F /* ClubLocationVC.swift in Sources */,
				5A0D55A41E08354A00555C14 /* GeoFire.m in Sources */,
			);
			runOnlyForDeploymentPostprocessing = 0;
		};
/* End PBXSourcesBuildPhase section */

/* Begin PBXVariantGroup section */
		5A071C4F1DF5C76800A3D7C1 /* Main.storyboard */ = {
			isa = PBXVariantGroup;
			children = (
				5A071C501DF5C76800A3D7C1 /* Base */,
			);
			name = Main.storyboard;
			sourceTree = "<group>";
		};
		5A071C541DF5C76800A3D7C1 /* LaunchScreen.storyboard */ = {
			isa = PBXVariantGroup;
			children = (
				5A071C551DF5C76800A3D7C1 /* Base */,
			);
			name = LaunchScreen.storyboard;
			sourceTree = "<group>";
		};
/* End PBXVariantGroup section */

/* Begin XCBuildConfiguration section */
		5A071C581DF5C76800A3D7C1 /* Debug */ = {
			isa = XCBuildConfiguration;
			buildSettings = {
				ALWAYS_SEARCH_USER_PATHS = NO;
				CLANG_ANALYZER_NONNULL = YES;
				CLANG_CXX_LANGUAGE_STANDARD = "gnu++0x";
				CLANG_CXX_LIBRARY = "libc++";
				CLANG_ENABLE_MODULES = YES;
				CLANG_ENABLE_OBJC_ARC = YES;
				CLANG_WARN_BOOL_CONVERSION = YES;
				CLANG_WARN_CONSTANT_CONVERSION = YES;
				CLANG_WARN_DIRECT_OBJC_ISA_USAGE = YES_ERROR;
				CLANG_WARN_DOCUMENTATION_COMMENTS = YES;
				CLANG_WARN_EMPTY_BODY = YES;
				CLANG_WARN_ENUM_CONVERSION = YES;
				CLANG_WARN_INFINITE_RECURSION = YES;
				CLANG_WARN_INT_CONVERSION = YES;
				CLANG_WARN_OBJC_ROOT_CLASS = YES_ERROR;
				CLANG_WARN_SUSPICIOUS_MOVE = YES;
				CLANG_WARN_SUSPICIOUS_MOVES = YES;
				CLANG_WARN_UNREACHABLE_CODE = YES;
				CLANG_WARN__DUPLICATE_METHOD_MATCH = YES;
				"CODE_SIGN_IDENTITY[sdk=iphoneos*]" = "iPhone Developer";
				COPY_PHASE_STRIP = NO;
				DEBUG_INFORMATION_FORMAT = dwarf;
				ENABLE_STRICT_OBJC_MSGSEND = YES;
				ENABLE_TESTABILITY = YES;
				GCC_C_LANGUAGE_STANDARD = gnu99;
				GCC_DYNAMIC_NO_PIC = NO;
				GCC_NO_COMMON_BLOCKS = YES;
				GCC_OPTIMIZATION_LEVEL = 0;
				GCC_PREPROCESSOR_DEFINITIONS = (
					"DEBUG=1",
					"$(inherited)",
				);
				GCC_WARN_64_TO_32_BIT_CONVERSION = YES;
				GCC_WARN_ABOUT_RETURN_TYPE = YES_ERROR;
				GCC_WARN_UNDECLARED_SELECTOR = YES;
				GCC_WARN_UNINITIALIZED_AUTOS = YES_AGGRESSIVE;
				GCC_WARN_UNUSED_FUNCTION = YES;
				GCC_WARN_UNUSED_VARIABLE = YES;
				IPHONEOS_DEPLOYMENT_TARGET = 10.1;
				MTL_ENABLE_DEBUG_INFO = YES;
				ONLY_ACTIVE_ARCH = YES;
				SDKROOT = iphoneos;
				SWIFT_ACTIVE_COMPILATION_CONDITIONS = DEBUG;
				SWIFT_OBJC_BRIDGING_HEADER = "non-league-grounds/non-league-grounds-Bridging-Header.h";
				SWIFT_OPTIMIZATION_LEVEL = "-Onone";
			};
			name = Debug;
		};
		5A071C591DF5C76800A3D7C1 /* Release */ = {
			isa = XCBuildConfiguration;
			buildSettings = {
				ALWAYS_SEARCH_USER_PATHS = NO;
				CLANG_ANALYZER_NONNULL = YES;
				CLANG_CXX_LANGUAGE_STANDARD = "gnu++0x";
				CLANG_CXX_LIBRARY = "libc++";
				CLANG_ENABLE_MODULES = YES;
				CLANG_ENABLE_OBJC_ARC = YES;
				CLANG_WARN_BOOL_CONVERSION = YES;
				CLANG_WARN_CONSTANT_CONVERSION = YES;
				CLANG_WARN_DIRECT_OBJC_ISA_USAGE = YES_ERROR;
				CLANG_WARN_DOCUMENTATION_COMMENTS = YES;
				CLANG_WARN_EMPTY_BODY = YES;
				CLANG_WARN_ENUM_CONVERSION = YES;
				CLANG_WARN_INFINITE_RECURSION = YES;
				CLANG_WARN_INT_CONVERSION = YES;
				CLANG_WARN_OBJC_ROOT_CLASS = YES_ERROR;
				CLANG_WARN_SUSPICIOUS_MOVE = YES;
				CLANG_WARN_SUSPICIOUS_MOVES = YES;
				CLANG_WARN_UNREACHABLE_CODE = YES;
				CLANG_WARN__DUPLICATE_METHOD_MATCH = YES;
				"CODE_SIGN_IDENTITY[sdk=iphoneos*]" = "iPhone Developer";
				COPY_PHASE_STRIP = NO;
				DEBUG_INFORMATION_FORMAT = "dwarf-with-dsym";
				ENABLE_NS_ASSERTIONS = NO;
				ENABLE_STRICT_OBJC_MSGSEND = YES;
				GCC_C_LANGUAGE_STANDARD = gnu99;
				GCC_NO_COMMON_BLOCKS = YES;
				GCC_WARN_64_TO_32_BIT_CONVERSION = YES;
				GCC_WARN_ABOUT_RETURN_TYPE = YES_ERROR;
				GCC_WARN_UNDECLARED_SELECTOR = YES;
				GCC_WARN_UNINITIALIZED_AUTOS = YES_AGGRESSIVE;
				GCC_WARN_UNUSED_FUNCTION = YES;
				GCC_WARN_UNUSED_VARIABLE = YES;
				IPHONEOS_DEPLOYMENT_TARGET = 10.1;
				MTL_ENABLE_DEBUG_INFO = NO;
				SDKROOT = iphoneos;
				SWIFT_OBJC_BRIDGING_HEADER = "non-league-grounds/non-league-grounds-Bridging-Header.h";
				SWIFT_OPTIMIZATION_LEVEL = "-Owholemodule";
				VALIDATE_PRODUCT = YES;
			};
			name = Release;
		};
		5A071C5B1DF5C76800A3D7C1 /* Debug */ = {
			isa = XCBuildConfiguration;
			baseConfigurationReference = A1513EC6DE318E36BD8B98DD /* Pods-non-league-grounds.debug.xcconfig */;
			buildSettings = {
				ASSETCATALOG_COMPILER_APPICON_NAME = AppIcon;
				CODE_SIGN_ENTITLEMENTS = "non-league-grounds/non-league-grounds.entitlements";
				DEVELOPMENT_TEAM = LPABA4W369;
				INFOPLIST_FILE = "non-league-grounds/Info.plist";
				LD_RUNPATH_SEARCH_PATHS = "$(inherited) @executable_path/Frameworks";
				PRODUCT_BUNDLE_IDENTIFIER = "uk.ltd.chetnet.non-league-grounds";
				PRODUCT_NAME = "$(TARGET_NAME)";
				SWIFT_VERSION = 3.0;
			};
			name = Debug;
		};
		5A071C5C1DF5C76800A3D7C1 /* Release */ = {
			isa = XCBuildConfiguration;
			baseConfigurationReference = DC9254C41C06E6DDDDCEB9A9 /* Pods-non-league-grounds.release.xcconfig */;
			buildSettings = {
				ASSETCATALOG_COMPILER_APPICON_NAME = AppIcon;
				CODE_SIGN_ENTITLEMENTS = "non-league-grounds/non-league-grounds.entitlements";
				DEVELOPMENT_TEAM = LPABA4W369;
				INFOPLIST_FILE = "non-league-grounds/Info.plist";
				LD_RUNPATH_SEARCH_PATHS = "$(inherited) @executable_path/Frameworks";
				PRODUCT_BUNDLE_IDENTIFIER = "uk.ltd.chetnet.non-league-grounds";
				PRODUCT_NAME = "$(TARGET_NAME)";
				SWIFT_VERSION = 3.0;
			};
			name = Release;
		};
/* End XCBuildConfiguration section */

/* Begin XCConfigurationList section */
		5A071C431DF5C76800A3D7C1 /* Build configuration list for PBXProject "non-league-grounds" */ = {
			isa = XCConfigurationList;
			buildConfigurations = (
				5A071C581DF5C76800A3D7C1 /* Debug */,
				5A071C591DF5C76800A3D7C1 /* Release */,
			);
			defaultConfigurationIsVisible = 0;
			defaultConfigurationName = Release;
		};
		5A071C5A1DF5C76800A3D7C1 /* Build configuration list for PBXNativeTarget "non-league-grounds" */ = {
			isa = XCConfigurationList;
			buildConfigurations = (
				5A071C5B1DF5C76800A3D7C1 /* Debug */,
				5A071C5C1DF5C76800A3D7C1 /* Release */,
			);
			defaultConfigurationIsVisible = 0;
			defaultConfigurationName = Release;
		};
/* End XCConfigurationList section */
	};
	rootObject = 5A071C401DF5C76800A3D7C1 /* Project object */;
}
